
Microsoft Visual Studio Solution File, Format Version 12.00
# Visual Studio Version 16
VisualStudioVersion = 16.0.30503.244
MinimumVisualStudioVersion = 10.0.40219.1
Project("{FAE04EC0-301F-11D3-BF4B-00C04F79EFBC}") = "aracYazilimApp", "aracYazilimApp\aracYazilimApp.csproj", "{D72C1E3C-D50F-4E96-AE56-6C898CF6ADA2}"
EndProject
Global
	GlobalSection(SolutionConfigurationPlatforms) = preSolution
		Debug|Any CPU = Debug|Any CPU
		Release|Any CPU = Release|Any CPU
	EndGlobalSection
	GlobalSection(ProjectConfigurationPlatforms) = postSolution
		{D72C1E3C-D50F-4E96-AE56-6C898CF6ADA2}.Debug|Any CPU.ActiveCfg = Debug|Any CPU
		{D72C1E3C-D50F-4E96-AE56-6C898CF6ADA2}.Debug|Any CPU.Build.0 = Debug|Any CPU
		{D72C1E3C-D50F-4E96-AE56-6C898CF6ADA2}.Release|Any CPU.ActiveCfg = Release|Any CPU
		{D72C1E3C-D50F-4E96-AE56-6C898CF6ADA2}.Release|Any CPU.Build.0 = Release|Any CPU
	EndGlobalSection
	GlobalSection(SolutionProperties) = preSolution
		HideSolutionNode = FALSE
	EndGlobalSection
	GlobalSection(ExtensibilityGlobals) = postSolution
		SolutionGuid = {DB4C1DDD-0BE3-49CA-B554-407E44542B57}
	EndGlobalSection
EndGlobal
